
Microsoft Visual Studio Solution File, Format Version 12.00
# Visual Studio Version 17
VisualStudioVersion = 17.5.002.0
MinimumVisualStudioVersion = 10.0.40219.1
Project("{9A19103F-16F7-4668-BE54-9A1E7A4F7556}") = "Vidhyalaya", "Vidhyalaya\Vidhyalaya.csproj", "{F11FF748-1685-4591-B0B1-27F355E9A0E2}"
EndProject
Global
	GlobalSection(SolutionConfigurationPlatforms) = preSolution
		Debug|Any CPU = Debug|Any CPU
		Release|Any CPU = Release|Any CPU
	EndGlobalSection
	GlobalSection(ProjectConfigurationPlatforms) = postSolution
		{F11FF748-1685-4591-B0B1-27F355E9A0E2}.Debug|Any CPU.ActiveCfg = Debug|Any CPU
		{F11FF748-1685-4591-B0B1-27F355E9A0E2}.Debug|Any CPU.Build.0 = Debug|Any CPU
		{F11FF748-1685-4591-B0B1-27F355E9A0E2}.Release|Any CPU.ActiveCfg = Release|Any CPU
		{F11FF748-1685-4591-B0B1-27F355E9A0E2}.Release|Any CPU.Build.0 = Release|Any CPU
	EndGlobalSection
	GlobalSection(SolutionProperties) = preSolution
		HideSolutionNode = FALSE
	EndGlobalSection
	GlobalSection(ExtensibilityGlobals) = postSolution
		SolutionGuid = {C55349A7-ABB7-4808-90BA-B2DE5141C9F3}
	EndGlobalSection
EndGlobal
